
Microsoft Visual Studio Solution File, Format Version 12.00
# Visual Studio Version 17
VisualStudioVersion = 17.10.34928.147
MinimumVisualStudioVersion = 10.0.40219.1
Project("{2150E333-8FDC-42A3-9474-1A3956D46DE8}") = "src", "src", "{4CF49F10-5379-44F7-BC54-77084FF430E2}"
EndProject
Project("{FAE04EC0-301F-11D3-BF4B-00C04F79EFBC}") = "NoahStore.Core", "NoahStore.Core\NoahStore.Core.csproj", "{5B0F01AB-8915-4F96-B102-177317B9E77A}"
EndProject
Project("{FAE04EC0-301F-11D3-BF4B-00C04F79EFBC}") = "NoahStore.Infrastructure", "NoahStore.Infrastructure\NoahStore.Infrastructure.csproj", "{5ADFCC16-F23B-42DE-9EE5-699E22CAFDE3}"
EndProject
Project("{FAE04EC0-301F-11D3-BF4B-00C04F79EFBC}") = "NoahStore.Service", "NoahStore.Service\NoahStore.Service.csproj", "{4005C572-24EE-4FEE-89C4-9CF6D2170F08}"
EndProject
Project("{FAE04EC0-301F-11D3-BF4B-00C04F79EFBC}") = "NoahStore.API", "NoahStore.API\NoahStore.API.csproj", "{0F0E72B8-2C89-4E6C-B311-111E1E8EFE04}"
EndProject
Global
	GlobalSection(SolutionConfigurationPlatforms) = preSolution
		Debug|Any CPU = Debug|Any CPU
		Release|Any CPU = Release|Any CPU
	EndGlobalSection
	GlobalSection(ProjectConfigurationPlatforms) = postSolution
		{5B0F01AB-8915-4F96-B102-177317B9E77A}.Debug|Any CPU.ActiveCfg = Debug|Any CPU
		{5B0F01AB-8915-4F96-B102-177317B9E77A}.Debug|Any CPU.Build.0 = Debug|Any CPU
		{5B0F01AB-8915-4F96-B102-177317B9E77A}.Release|Any CPU.ActiveCfg = Release|Any CPU
		{5B0F01AB-8915-4F96-B102-177317B9E77A}.Release|Any CPU.Build.0 = Release|Any CPU
		{5ADFCC16-F23B-42DE-9EE5-699E22CAFDE3}.Debug|Any CPU.ActiveCfg = Debug|Any CPU
		{5ADFCC16-F23B-42DE-9EE5-699E22CAFDE3}.Debug|Any CPU.Build.0 = Debug|Any CPU
		{5ADFCC16-F23B-42DE-9EE5-699E22CAFDE3}.Release|Any CPU.ActiveCfg = Release|Any CPU
		{5ADFCC16-F23B-42DE-9EE5-699E22CAFDE3}.Release|Any CPU.Build.0 = Release|Any CPU
		{4005C572-24EE-4FEE-89C4-9CF6D2170F08}.Debug|Any CPU.ActiveCfg = Debug|Any CPU
		{4005C572-24EE-4FEE-89C4-9CF6D2170F08}.Debug|Any CPU.Build.0 = Debug|Any CPU
		{4005C572-24EE-4FEE-89C4-9CF6D2170F08}.Release|Any CPU.ActiveCfg = Release|Any CPU
		{4005C572-24EE-4FEE-89C4-9CF6D2170F08}.Release|Any CPU.Build.0 = Release|Any CPU
		{0F0E72B8-2C89-4E6C-B311-111E1E8EFE04}.Debug|Any CPU.ActiveCfg = Debug|Any CPU
		{0F0E72B8-2C89-4E6C-B311-111E1E8EFE04}.Debug|Any CPU.Build.0 = Debug|Any CPU
		{0F0E72B8-2C89-4E6C-B311-111E1E8EFE04}.Release|Any CPU.ActiveCfg = Release|Any CPU
		{0F0E72B8-2C89-4E6C-B311-111E1E8EFE04}.Release|Any CPU.Build.0 = Release|Any CPU
	EndGlobalSection
	GlobalSection(SolutionProperties) = preSolution
		HideSolutionNode = FALSE
	EndGlobalSection
	GlobalSection(NestedProjects) = preSolution
		{5B0F01AB-8915-4F96-B102-177317B9E77A} = {4CF49F10-5379-44F7-BC54-77084FF430E2}
		{5ADFCC16-F23B-42DE-9EE5-699E22CAFDE3} = {4CF49F10-5379-44F7-BC54-77084FF430E2}
		{4005C572-24EE-4FEE-89C4-9CF6D2170F08} = {4CF49F10-5379-44F7-BC54-77084FF430E2}
		{0F0E72B8-2C89-4E6C-B311-111E1E8EFE04} = {4CF49F10-5379-44F7-BC54-77084FF430E2}
	EndGlobalSection
	GlobalSection(ExtensibilityGlobals) = postSolution
		SolutionGuid = {A25F3C45-CC3A-48BB-8674-2F8591D67607}
	EndGlobalSection
EndGlobal
